
Microsoft Visual Studio Solution File, Format Version 12.00
# Visual Studio 2013
VisualStudioVersion = 12.0.21005.1
MinimumVisualStudioVersion = 10.0.40219.1
Project("{FAE04EC0-301F-11D3-BF4B-00C04F79EFBC}") = "MvcDualLoginDemo", "MvcDualLoginDemo\MvcDualLoginDemo.csproj", "{50044A5E-1150-46A6-BEEB-6336FB2436FD}"
EndProject
Project("{2150E333-8FDC-42A3-9474-1A3956D46DE8}") = ".nuget", ".nuget", "{DFBA0463-E65A-42A4-BB96-10460E5A05EF}"
	ProjectSection(SolutionItems) = preProject
		.nuget\NuGet.Config = .nuget\NuGet.Config
		.nuget\NuGet.exe = .nuget\NuGet.exe
		.nuget\NuGet.targets = .nuget\NuGet.targets
	EndProjectSection
EndProject
Global
	GlobalSection(SolutionConfigurationPlatforms) = preSolution
		Debug|Any CPU = Debug|Any CPU
		Release|Any CPU = Release|Any CPU
	EndGlobalSection
	GlobalSection(ProjectConfigurationPlatforms) = postSolution
		{50044A5E-1150-46A6-BEEB-6336FB2436FD}.Debug|Any CPU.ActiveCfg = Debug|Any CPU
		{50044A5E-1150-46A6-BEEB-6336FB2436FD}.Debug|Any CPU.Build.0 = Debug|Any CPU
		{50044A5E-1150-46A6-BEEB-6336FB2436FD}.Release|Any CPU.ActiveCfg = Release|Any CPU
		{50044A5E-1150-46A6-BEEB-6336FB2436FD}.Release|Any CPU.Build.0 = Release|Any CPU
	EndGlobalSection
	GlobalSection(SolutionProperties) = preSolution
		HideSolutionNode = FALSE
	EndGlobalSection
EndGlobal
